// !$*UTF8*$!
{
	archiveVersion = 1;
	classes = {
	};
	objectVersion = 46;
	objects = {

/* Begin PBXFileReference section */
		2FBEF20D1C0DBEE900010D5E /* opengl-sandbox */ = {isa = PBXFileReference; lastKnownFileType = folder; name = "opengl-sandbox"; sourceTree = "<group>"; };
/* End PBXFileReference section */

/* Begin PBXGroup section */
		2FBEF2061C0DBE8000010D5E = {
			isa = PBXGroup;
			children = (
				2FBEF20D1C0DBEE900010D5E /* opengl-sandbox */,
			);
			sourceTree = "<group>";
		};
/* End PBXGroup section */

/* Begin PBXProject section */
		2FBEF2071C0DBE8000010D5E /* Project object */ = {
			isa = PBXProject;
			attributes = {
				LastUpgradeCheck = 0710;
			};
			buildConfigurationList = 2FBEF20A1C0DBE8000010D5E /* Build configuration list for PBXProject "opengl-sandbox" */;
			compatibilityVersion = "Xcode 3.2";
			developmentRegion = English;
			hasScannedForEncodings = 0;
			knownRegions = (
				en,
			);
			mainGroup = 2FBEF2061C0DBE8000010D5E;
			projectDirPath = "";
			projectRoot = "";
			targets = (
			);
		};
/* End PBXProject section */

/* Begin XCBuildConfiguration section */
		2FBEF20B1C0DBE8000010D5E /* Debug */ = {
			isa = XCBuildConfiguration;
			buildSettings = {
			};
			name = Debug;
		};
		2FBEF20C1C0DBE8000010D5E /* Release */ = {
			isa = XCBuildConfiguration;
			buildSettings = {
			};
			name = Release;
		};
/* End XCBuildConfiguration section */

/* Begin XCConfigurationList section */
		2FBEF20A1C0DBE8000010D5E /* Build configuration list for PBXProject "opengl-sandbox" */ = {
			isa = XCConfigurationList;
			buildConfigurations = (
				2FBEF20B1C0DBE8000010D5E /* Debug */,
				2FBEF20C1C0DBE8000010D5E /* Release */,
			);
			defaultConfigurationIsVisible = 0;
			defaultConfigurationName = Release;
		};
/* End XCConfigurationList section */
	};
	rootObject = 2FBEF2071C0DBE8000010D5E /* Project object */;
}
